// !$*UTF8*$!
{
	archiveVersion = 1;
	classes = {
	};
	objectVersion = 55;
	objects = {

/* Begin PBXBuildFile section */
		81099B1E276AD74300C4A022 /* HeartCell.swift in Sources */ = {isa = PBXBuildFile; fileRef = 81099B1D276AD74300C4A022 /* HeartCell.swift */; };
		81099B22276B0E5500C4A022 /* FavorateViewController.swift in Sources */ = {isa = PBXBuildFile; fileRef = 81099B21276B0E5500C4A022 /* FavorateViewController.swift */; };
		81FE4DD127697569004148B0 /* AppDelegate.swift in Sources */ = {isa = PBXBuildFile; fileRef = 81FE4DD027697569004148B0 /* AppDelegate.swift */; };
		81FE4DD327697569004148B0 /* SceneDelegate.swift in Sources */ = {isa = PBXBuildFile; fileRef = 81FE4DD227697569004148B0 /* SceneDelegate.swift */; };
		81FE4DD527697569004148B0 /* ViewController.swift in Sources */ = {isa = PBXBuildFile; fileRef = 81FE4DD427697569004148B0 /* ViewController.swift */; };
		81FE4DD827697569004148B0 /* Main.storyboard in Resources */ = {isa = PBXBuildFile; fileRef = 81FE4DD627697569004148B0 /* Main.storyboard */; };
		81FE4DDA2769756C004148B0 /* Assets.xcassets in Resources */ = {isa = PBXBuildFile; fileRef = 81FE4DD92769756C004148B0 /* Assets.xcassets */; };
		81FE4DDD2769756C004148B0 /* LaunchScreen.storyboard in Resources */ = {isa = PBXBuildFile; fileRef = 81FE4DDB2769756C004148B0 /* LaunchScreen.storyboard */; };
		81FE4DE527697BF9004148B0 /* DiaryCell.swift in Sources */ = {isa = PBXBuildFile; fileRef = 81FE4DE427697BF9004148B0 /* DiaryCell.swift */; };
		81FE4DEB27698105004148B0 /* WriteDiaryViewController.swift in Sources */ = {isa = PBXBuildFile; fileRef = 81FE4DEA27698105004148B0 /* WriteDiaryViewController.swift */; };
		81FE4DED2769823A004148B0 /* DiaryDetailViewController.swift in Sources */ = {isa = PBXBuildFile; fileRef = 81FE4DEC2769823A004148B0 /* DiaryDetailViewController.swift */; };
		81FE4DEF2769A1E5004148B0 /* Diary.swift in Sources */ = {isa = PBXBuildFile; fileRef = 81FE4DEE2769A1E5004148B0 /* Diary.swift */; };
/* End PBXBuildFile section */

/* Begin PBXFileReference section */
		81099B1D276AD74300C4A022 /* HeartCell.swift */ = {isa = PBXFileReference; lastKnownFileType = sourcecode.swift; path = HeartCell.swift; sourceTree = "<group>"; };
		81099B21276B0E5500C4A022 /* FavorateViewController.swift */ = {isa = PBXFileReference; lastKnownFileType = sourcecode.swift; path = FavorateViewController.swift; sourceTree = "<group>"; };
		81FE4DCD27697569004148B0 /* 04_Diary.app */ = {isa = PBXFileReference; explicitFileType = wrapper.application; includeInIndex = 0; path = 04_Diary.app; sourceTree = BUILT_PRODUCTS_DIR; };
		81FE4DD027697569004148B0 /* AppDelegate.swift */ = {isa = PBXFileReference; lastKnownFileType = sourcecode.swift; path = AppDelegate.swift; sourceTree = "<group>"; };
		81FE4DD227697569004148B0 /* SceneDelegate.swift */ = {isa = PBXFileReference; lastKnownFileType = sourcecode.swift; path = SceneDelegate.swift; sourceTree = "<group>"; };
		81FE4DD427697569004148B0 /* ViewController.swift */ = {isa = PBXFileReference; lastKnownFileType = sourcecode.swift; path = ViewController.swift; sourceTree = "<group>"; };
		81FE4DD727697569004148B0 /* Base */ = {isa = PBXFileReference; lastKnownFileType = file.storyboard; name = Base; path = Base.lproj/Main.storyboard; sourceTree = "<group>"; };
		81FE4DD92769756C004148B0 /* Assets.xcassets */ = {isa = PBXFileReference; lastKnownFileType = folder.assetcatalog; path = Assets.xcassets; sourceTree = "<group>"; };
		81FE4DDC2769756C004148B0 /* Base */ = {isa = PBXFileReference; lastKnownFileType = file.storyboard; name = Base; path = Base.lproj/LaunchScreen.storyboard; sourceTree = "<group>"; };
		81FE4DDE2769756C004148B0 /* Info.plist */ = {isa = PBXFileReference; lastKnownFileType = text.plist.xml; path = Info.plist; sourceTree = "<group>"; };
		81FE4DE427697BF9004148B0 /* DiaryCell.swift */ = {isa = PBXFileReference; lastKnownFileType = sourcecode.swift; path = DiaryCell.swift; sourceTree = "<group>"; };
		81FE4DEA27698105004148B0 /* WriteDiaryViewController.swift */ = {isa = PBXFileReference; lastKnownFileType = sourcecode.swift; path = WriteDiaryViewController.swift; sourceTree = "<group>"; };
		81FE4DEC2769823A004148B0 /* DiaryDetailViewController.swift */ = {isa = PBXFileReference; lastKnownFileType = sourcecode.swift; path = DiaryDetailViewController.swift; sourceTree = "<group>"; };
		81FE4DEE2769A1E5004148B0 /* Diary.swift */ = {isa = PBXFileReference; lastKnownFileType = sourcecode.swift; path = Diary.swift; sourceTree = "<group>"; };
/* End PBXFileReference section */

/* Begin PBXFrameworksBuildPhase section */
		81FE4DCA27697569004148B0 /* Frameworks */ = {
			isa = PBXFrameworksBuildPhase;
			buildActionMask = 2147483647;
			files = (
			);
			runOnlyForDeploymentPostprocessing = 0;
		};
/* End PBXFrameworksBuildPhase section */

/* Begin PBXGroup section */
		81FE4DC427697569004148B0 = {
			isa = PBXGroup;
			children = (
				81FE4DCF27697569004148B0 /* 04_Diary */,
				81FE4DCE27697569004148B0 /* Products */,
			);
			sourceTree = "<group>";
		};
		81FE4DCE27697569004148B0 /* Products */ = {
			isa = PBXGroup;
			children = (
				81FE4DCD27697569004148B0 /* 04_Diary.app */,
			);
			name = Products;
			sourceTree = "<group>";
		};
		81FE4DCF27697569004148B0 /* 04_Diary */ = {
			isa = PBXGroup;
			children = (
				81FE4DD027697569004148B0 /* AppDelegate.swift */,
				81FE4DD227697569004148B0 /* SceneDelegate.swift */,
				81FE4DD427697569004148B0 /* ViewController.swift */,
				81FE4DD627697569004148B0 /* Main.storyboard */,
				81FE4DD92769756C004148B0 /* Assets.xcassets */,
				81FE4DDB2769756C004148B0 /* LaunchScreen.storyboard */,
				81FE4DDE2769756C004148B0 /* Info.plist */,
				81FE4DE427697BF9004148B0 /* DiaryCell.swift */,
				81FE4DEA27698105004148B0 /* WriteDiaryViewController.swift */,
				81FE4DEC2769823A004148B0 /* DiaryDetailViewController.swift */,
				81FE4DEE2769A1E5004148B0 /* Diary.swift */,
				81099B1D276AD74300C4A022 /* HeartCell.swift */,
				81099B21276B0E5500C4A022 /* FavorateViewController.swift */,
			);
			path = 04_Diary;
			sourceTree = "<group>";
		};
/* End PBXGroup section */

/* Begin PBXNativeTarget section */
		81FE4DCC27697569004148B0 /* 04_Diary */ = {
			isa = PBXNativeTarget;
			buildConfigurationList = 81FE4DE12769756C004148B0 /* Build configuration list for PBXNativeTarget "04_Diary" */;
			buildPhases = (
				81FE4DC927697569004148B0 /* Sources */,
				81FE4DCA27697569004148B0 /* Frameworks */,
				81FE4DCB27697569004148B0 /* Resources */,
			);
			buildRules = (
			);
			dependencies = (
			);
			name = 04_Diary;
			productName = 04_Diary;
			productReference = 81FE4DCD27697569004148B0 /* 04_Diary.app */;
			productType = "com.apple.product-type.application";
		};
/* End PBXNativeTarget section */

/* Begin PBXProject section */
		81FE4DC527697569004148B0 /* Project object */ = {
			isa = PBXProject;
			attributes = {
				BuildIndependentTargetsInParallel = 1;
				LastSwiftUpdateCheck = 1310;
				LastUpgradeCheck = 1310;
				TargetAttributes = {
					81FE4DCC27697569004148B0 = {
						CreatedOnToolsVersion = 13.1;
					};
				};
			};
			buildConfigurationList = 81FE4DC827697569004148B0 /* Build configuration list for PBXProject "04_Diary" */;
			compatibilityVersion = "Xcode 13.0";
			developmentRegion = en;
			hasScannedForEncodings = 0;
			knownRegions = (
				en,
				Base,
			);
			mainGroup = 81FE4DC427697569004148B0;
			productRefGroup = 81FE4DCE27697569004148B0 /* Products */;
			projectDirPath = "";
			projectRoot = "";
			targets = (
				81FE4DCC27697569004148B0 /* 04_Diary */,
			);
		};
/* End PBXProject section */

/* Begin PBXResourcesBuildPhase section */
		81FE4DCB27697569004148B0 /* Resources */ = {
			isa = PBXResourcesBuildPhase;
			buildActionMask = 2147483647;
			files = (
				81FE4DDD2769756C004148B0 /* LaunchScreen.storyboard in Resources */,
				81FE4DDA2769756C004148B0 /* Assets.xcassets in Resources */,
				81FE4DD827697569004148B0 /* Main.storyboard in Resources */,
			);
			runOnlyForDeploymentPostprocessing = 0;
		};
/* End PBXResourcesBuildPhase section */

/* Begin PBXSourcesBuildPhase section */
		81FE4DC927697569004148B0 /* Sources */ = {
			isa = PBXSourcesBuildPhase;
			buildActionMask = 2147483647;
			files = (
				81FE4DD527697569004148B0 /* ViewController.swift in Sources */,
				81FE4DEB27698105004148B0 /* WriteDiaryViewController.swift in Sources */,
				81FE4DD127697569004148B0 /* AppDelegate.swift in Sources */,
				81099B22276B0E5500C4A022 /* FavorateViewController.swift in Sources */,
				81FE4DD327697569004148B0 /* SceneDelegate.swift in Sources */,
				81099B1E276AD74300C4A022 /* HeartCell.swift in Sources */,
				81FE4DEF2769A1E5004148B0 /* Diary.swift in Sources */,
				81FE4DED2769823A004148B0 /* DiaryDetailViewController.swift in Sources */,
				81FE4DE527697BF9004148B0 /* DiaryCell.swift in Sources */,
			);
			runOnlyForDeploymentPostprocessing = 0;
		};
/* End PBXSourcesBuildPhase section */

/* Begin PBXVariantGroup section */
		81FE4DD627697569004148B0 /* Main.storyboard */ = {
			isa = PBXVariantGroup;
			children = (
				81FE4DD727697569004148B0 /* Base */,
			);
			name = Main.storyboard;
			sourceTree = "<group>";
		};
		81FE4DDB2769756C004148B0 /* LaunchScreen.storyboard */ = {
			isa = PBXVariantGroup;
			children = (
				81FE4DDC2769756C004148B0 /* Base */,
			);
			name = LaunchScreen.storyboard;
			sourceTree = "<group>";
		};
/* End PBXVariantGroup section */

/* Begin XCBuildConfiguration section */
		81FE4DDF2769756C004148B0 /* Debug */ = {
			isa = XCBuildConfiguration;
			buildSettings = {
				ALWAYS_SEARCH_USER_PATHS = NO;
				CLANG_ANALYZER_NONNULL = YES;
				CLANG_ANALYZER_NUMBER_OBJECT_CONVERSION = YES_AGGRESSIVE;
				CLANG_CXX_LANGUAGE_STANDARD = "gnu++17";
				CLANG_CXX_LIBRARY = "libc++";
				CLANG_ENABLE_MODULES = YES;
				CLANG_ENABLE_OBJC_ARC = YES;
				CLANG_ENABLE_OBJC_WEAK = YES;
				CLANG_WARN_BLOCK_CAPTURE_AUTORELEASING = YES;
				CLANG_WARN_BOOL_CONVERSION = YES;
				CLANG_WARN_COMMA = YES;
				CLANG_WARN_CONSTANT_CONVERSION = YES;
				CLANG_WARN_DEPRECATED_OBJC_IMPLEMENTATIONS = YES;
				CLANG_WARN_DIRECT_OBJC_ISA_USAGE = YES_ERROR;
				CLANG_WARN_DOCUMENTATION_COMMENTS = YES;
				CLANG_WARN_EMPTY_BODY = YES;
				CLANG_WARN_ENUM_CONVERSION = YES;
				CLANG_WARN_INFINITE_RECURSION = YES;
				CLANG_WARN_INT_CONVERSION = YES;
				CLANG_WARN_NON_LITERAL_NULL_CONVERSION = YES;
				CLANG_WARN_OBJC_IMPLICIT_RETAIN_SELF = YES;
				CLANG_WARN_OBJC_LITERAL_CONVERSION = YES;
				CLANG_WARN_OBJC_ROOT_CLASS = YES_ERROR;
				CLANG_WARN_QUOTED_INCLUDE_IN_FRAMEWORK_HEADER = YES;
				CLANG_WARN_RANGE_LOOP_ANALYSIS = YES;
				CLANG_WARN_STRICT_PROTOTYPES = YES;
				CLANG_WARN_SUSPICIOUS_MOVE = YES;
				CLANG_WARN_UNGUARDED_AVAILABILITY = YES_AGGRESSIVE;
				CLANG_WARN_UNREACHABLE_CODE = YES;
				CLANG_WARN__DUPLICATE_METHOD_MATCH = YES;
				COPY_PHASE_STRIP = NO;
				DEBUG_INFORMATION_FORMAT = dwarf;
				ENABLE_STRICT_OBJC_MSGSEND = YES;
				ENABLE_TESTABILITY = YES;
				GCC_C_LANGUAGE_STANDARD = gnu11;
				GCC_DYNAMIC_NO_PIC = NO;
				GCC_NO_COMMON_BLOCKS = YES;
				GCC_OPTIMIZATION_LEVEL = 0;
				GCC_PREPROCESSOR_DEFINITIONS = (
					"DEBUG=1",
					"$(inherited)",
				);
				GCC_WARN_64_TO_32_BIT_CONVERSION = YES;
				GCC_WARN_ABOUT_RETURN_TYPE = YES_ERROR;
				GCC_WARN_UNDECLARED_SELECTOR = YES;
				GCC_WARN_UNINITIALIZED_AUTOS = YES_AGGRESSIVE;
				GCC_WARN_UNUSED_FUNCTION = YES;
				GCC_WARN_UNUSED_VARIABLE = YES;
				IPHONEOS_DEPLOYMENT_TARGET = 15.0;
				MTL_ENABLE_DEBUG_INFO = INCLUDE_SOURCE;
				MTL_FAST_MATH = YES;
				ONLY_ACTIVE_ARCH = YES;
				SDKROOT = iphoneos;
				SWIFT_ACTIVE_COMPILATION_CONDITIONS = DEBUG;
				SWIFT_OPTIMIZATION_LEVEL = "-Onone";
			};
			name = Debug;
		};
		81FE4DE02769756C004148B0 /* Release */ = {
			isa = XCBuildConfiguration;
			buildSettings = {
				ALWAYS_SEARCH_USER_PATHS = NO;
				CLANG_ANALYZER_NONNULL = YES;
				CLANG_ANALYZER_NUMBER_OBJECT_CONVERSION = YES_AGGRESSIVE;
				CLANG_CXX_LANGUAGE_STANDARD = "gnu++17";
				CLANG_CXX_LIBRARY = "libc++";
				CLANG_ENABLE_MODULES = YES;
				CLANG_ENABLE_OBJC_ARC = YES;
				CLANG_ENABLE_OBJC_WEAK = YES;
				CLANG_WARN_BLOCK_CAPTURE_AUTORELEASING = YES;
				CLANG_WARN_BOOL_CONVERSION = YES;
				CLANG_WARN_COMMA = YES;
				CLANG_WARN_CONSTANT_CONVERSION = YES;
				CLANG_WARN_DEPRECATED_OBJC_IMPLEMENTATIONS = YES;
				CLANG_WARN_DIRECT_OBJC_ISA_USAGE = YES_ERROR;
				CLANG_WARN_DOCUMENTATION_COMMENTS = YES;
				CLANG_WARN_EMPTY_BODY = YES;
				CLANG_WARN_ENUM_CONVERSION = YES;
				CLANG_WARN_INFINITE_RECURSION = YES;
				CLANG_WARN_INT_CONVERSION = YES;
				CLANG_WARN_NON_LITERAL_NULL_CONVERSION = YES;
				CLANG_WARN_OBJC_IMPLICIT_RETAIN_SELF = YES;
				CLANG_WARN_OBJC_LITERAL_CONVERSION = YES;
				CLANG_WARN_OBJC_ROOT_CLASS = YES_ERROR;
				CLANG_WARN_QUOTED_INCLUDE_IN_FRAMEWORK_HEADER = YES;
				CLANG_WARN_RANGE_LOOP_ANALYSIS = YES;
				CLANG_WARN_STRICT_PROTOTYPES = YES;
				CLANG_WARN_SUSPICIOUS_MOVE = YES;
				CLANG_WARN_UNGUARDED_AVAILABILITY = YES_AGGRESSIVE;
				CLANG_WARN_UNREACHABLE_CODE = YES;
				CLANG_WARN__DUPLICATE_METHOD_MATCH = YES;
				COPY_PHASE_STRIP = NO;
				DEBUG_INFORMATION_FORMAT = "dwarf-with-dsym";
				ENABLE_NS_ASSERTIONS = NO;
				ENABLE_STRICT_OBJC_MSGSEND = YES;
				GCC_C_LANGUAGE_STANDARD = gnu11;
				GCC_NO_COMMON_BLOCKS = YES;
				GCC_WARN_64_TO_32_BIT_CONVERSION = YES;
				GCC_WARN_ABOUT_RETURN_TYPE = YES_ERROR;
				GCC_WARN_UNDECLARED_SELECTOR = YES;
				GCC_WARN_UNINITIALIZED_AUTOS = YES_AGGRESSIVE;
				GCC_WARN_UNUSED_FUNCTION = YES;
				GCC_WARN_UNUSED_VARIABLE = YES;
				IPHONEOS_DEPLOYMENT_TARGET = 15.0;
				MTL_ENABLE_DEBUG_INFO = NO;
				MTL_FAST_MATH = YES;
				SDKROOT = iphoneos;
				SWIFT_COMPILATION_MODE = wholemodule;
				SWIFT_OPTIMIZATION_LEVEL = "-O";
				VALIDATE_PRODUCT = YES;
			};
			name = Release;
		};
		81FE4DE22769756C004148B0 /* Debug */ = {
			isa = XCBuildConfiguration;
			buildSettings = {
				ASSETCATALOG_COMPILER_APPICON_NAME = AppIcon;
				ASSETCATALOG_COMPILER_GLOBAL_ACCENT_COLOR_NAME = AccentColor;
				CODE_SIGN_STYLE = Automatic;
				CURRENT_PROJECT_VERSION = 1;
				DEVELOPMENT_TEAM = M63L6X73D4;
				GENERATE_INFOPLIST_FILE = YES;
				INFOPLIST_FILE = 04_Diary/Info.plist;
				INFOPLIST_KEY_UIApplicationSupportsIndirectInputEvents = YES;
				INFOPLIST_KEY_UILaunchStoryboardName = LaunchScreen;
				INFOPLIST_KEY_UIMainStoryboardFile = Main;
				INFOPLIST_KEY_UISupportedInterfaceOrientations_iPad = "UIInterfaceOrientationPortrait UIInterfaceOrientationPortraitUpsideDown UIInterfaceOrientationLandscapeLeft UIInterfaceOrientationLandscapeRight";
				INFOPLIST_KEY_UISupportedInterfaceOrientations_iPhone = "UIInterfaceOrientationPortrait UIInterfaceOrientationLandscapeLeft UIInterfaceOrientationLandscapeRight";
				LD_RUNPATH_SEARCH_PATHS = (
					"$(inherited)",
					"@executable_path/Frameworks",
				);
				MARKETING_VERSION = 1.0;
				PRODUCT_BUNDLE_IDENTIFIER = "info.jacobko.-4-Diary";
				PRODUCT_NAME = "$(TARGET_NAME)";
				SWIFT_EMIT_LOC_STRINGS = YES;
				SWIFT_VERSION = 5.0;
				TARGETED_DEVICE_FAMILY = "1,2";
			};
			name = Debug;
		};
		81FE4DE32769756C004148B0 /* Release */ = {
			isa = XCBuildConfiguration;
			buildSettings = {
				ASSETCATALOG_COMPILER_APPICON_NAME = AppIcon;
				ASSETCATALOG_COMPILER_GLOBAL_ACCENT_COLOR_NAME = AccentColor;
				CODE_SIGN_STYLE = Automatic;
				CURRENT_PROJECT_VERSION = 1;
				DEVELOPMENT_TEAM = M63L6X73D4;
				GENERATE_INFOPLIST_FILE = YES;
				INFOPLIST_FILE = 04_Diary/Info.plist;
				INFOPLIST_KEY_UIApplicationSupportsIndirectInputEvents = YES;
				INFOPLIST_KEY_UILaunchStoryboardName = LaunchScreen;
				INFOPLIST_KEY_UIMainStoryboardFile = Main;
				INFOPLIST_KEY_UISupportedInterfaceOrientations_iPad = "UIInterfaceOrientationPortrait UIInterfaceOrientationPortraitUpsideDown UIInterfaceOrientationLandscapeLeft UIInterfaceOrientationLandscapeRight";
				INFOPLIST_KEY_UISupportedInterfaceOrientations_iPhone = "UIInterfaceOrientationPortrait UIInterfaceOrientationLandscapeLeft UIInterfaceOrientationLandscapeRight";
				LD_RUNPATH_SEARCH_PATHS = (
					"$(inherited)",
					"@executable_path/Frameworks",
				);
				MARKETING_VERSION = 1.0;
				PRODUCT_BUNDLE_IDENTIFIER = "info.jacobko.-4-Diary";
				PRODUCT_NAME = "$(TARGET_NAME)";
				SWIFT_EMIT_LOC_STRINGS = YES;
				SWIFT_VERSION = 5.0;
				TARGETED_DEVICE_FAMILY = "1,2";
			};
			name = Release;
		};
/* End XCBuildConfiguration section */

/* Begin XCConfigurationList section */
		81FE4DC827697569004148B0 /* Build configuration list for PBXProject "04_Diary" */ = {
			isa = XCConfigurationList;
			buildConfigurations = (
				81FE4DDF2769756C004148B0 /* Debug */,
				81FE4DE02769756C004148B0 /* Release */,
			);
			defaultConfigurationIsVisible = 0;
			defaultConfigurationName = Release;
		};
		81FE4DE12769756C004148B0 /* Build configuration list for PBXNativeTarget "04_Diary" */ = {
			isa = XCConfigurationList;
			buildConfigurations = (
				81FE4DE22769756C004148B0 /* Debug */,
				81FE4DE32769756C004148B0 /* Release */,
			);
			defaultConfigurationIsVisible = 0;
			defaultConfigurationName = Release;
		};
/* End XCConfigurationList section */
	};
	rootObject = 81FE4DC527697569004148B0 /* Project object */;
}
